
Microsoft Visual Studio Solution File, Format Version 12.00
# Visual Studio 15
VisualStudioVersion = 15.0.26124.0
MinimumVisualStudioVersion = 15.0.26124.0
Project("{FAE04EC0-301F-11D3-BF4B-00C04F79EFBC}") = "Application", "Application\Application.csproj", "{3C4C5197-32E2-4F7E-ABB7-425F5BE43B43}"
EndProject
Project("{FAE04EC0-301F-11D3-BF4B-00C04F79EFBC}") = "API", "API\API.csproj", "{B81B287F-46F2-4ABA-88F4-CDA860819F77}"
EndProject
Project("{FAE04EC0-301F-11D3-BF4B-00C04F79EFBC}") = "Domain", "Domain\Domain.csproj", "{C430B6F2-69A7-4E99-828E-2ABC3DE9A9AA}"
EndProject
Project("{FAE04EC0-301F-11D3-BF4B-00C04F79EFBC}") = "Infrastructure", "Infrastructure\Infrastructure.csproj", "{C5EE1C6B-AE2B-4C40-94C2-9278AE94AB6A}"
EndProject
Global
	GlobalSection(SolutionConfigurationPlatforms) = preSolution
		Debug|Any CPU = Debug|Any CPU
		Debug|x64 = Debug|x64
		Debug|x86 = Debug|x86
		Release|Any CPU = Release|Any CPU
		Release|x64 = Release|x64
		Release|x86 = Release|x86
	EndGlobalSection
	GlobalSection(SolutionProperties) = preSolution
		HideSolutionNode = FALSE
	EndGlobalSection
	GlobalSection(ProjectConfigurationPlatforms) = postSolution
		{3C4C5197-32E2-4F7E-ABB7-425F5BE43B43}.Debug|Any CPU.ActiveCfg = Debug|Any CPU
		{3C4C5197-32E2-4F7E-ABB7-425F5BE43B43}.Debug|Any CPU.Build.0 = Debug|Any CPU
		{3C4C5197-32E2-4F7E-ABB7-425F5BE43B43}.Debug|x64.ActiveCfg = Debug|Any CPU
		{3C4C5197-32E2-4F7E-ABB7-425F5BE43B43}.Debug|x64.Build.0 = Debug|Any CPU
		{3C4C5197-32E2-4F7E-ABB7-425F5BE43B43}.Debug|x86.ActiveCfg = Debug|Any CPU
		{3C4C5197-32E2-4F7E-ABB7-425F5BE43B43}.Debug|x86.Build.0 = Debug|Any CPU
		{3C4C5197-32E2-4F7E-ABB7-425F5BE43B43}.Release|Any CPU.ActiveCfg = Release|Any CPU
		{3C4C5197-32E2-4F7E-ABB7-425F5BE43B43}.Release|Any CPU.Build.0 = Release|Any CPU
		{3C4C5197-32E2-4F7E-ABB7-425F5BE43B43}.Release|x64.ActiveCfg = Release|Any CPU
		{3C4C5197-32E2-4F7E-ABB7-425F5BE43B43}.Release|x64.Build.0 = Release|Any CPU
		{3C4C5197-32E2-4F7E-ABB7-425F5BE43B43}.Release|x86.ActiveCfg = Release|Any CPU
		{3C4C5197-32E2-4F7E-ABB7-425F5BE43B43}.Release|x86.Build.0 = Release|Any CPU
		{B81B287F-46F2-4ABA-88F4-CDA860819F77}.Debug|Any CPU.ActiveCfg = Debug|Any CPU
		{B81B287F-46F2-4ABA-88F4-CDA860819F77}.Debug|Any CPU.Build.0 = Debug|Any CPU
		{B81B287F-46F2-4ABA-88F4-CDA860819F77}.Debug|x64.ActiveCfg = Debug|Any CPU
		{B81B287F-46F2-4ABA-88F4-CDA860819F77}.Debug|x64.Build.0 = Debug|Any CPU
		{B81B287F-46F2-4ABA-88F4-CDA860819F77}.Debug|x86.ActiveCfg = Debug|Any CPU
		{B81B287F-46F2-4ABA-88F4-CDA860819F77}.Debug|x86.Build.0 = Debug|Any CPU
		{B81B287F-46F2-4ABA-88F4-CDA860819F77}.Release|Any CPU.ActiveCfg = Release|Any CPU
		{B81B287F-46F2-4ABA-88F4-CDA860819F77}.Release|Any CPU.Build.0 = Release|Any CPU
		{B81B287F-46F2-4ABA-88F4-CDA860819F77}.Release|x64.ActiveCfg = Release|Any CPU
		{B81B287F-46F2-4ABA-88F4-CDA860819F77}.Release|x64.Build.0 = Release|Any CPU
		{B81B287F-46F2-4ABA-88F4-CDA860819F77}.Release|x86.ActiveCfg = Release|Any CPU
		{B81B287F-46F2-4ABA-88F4-CDA860819F77}.Release|x86.Build.0 = Release|Any CPU
		{C430B6F2-69A7-4E99-828E-2ABC3DE9A9AA}.Debug|Any CPU.ActiveCfg = Debug|Any CPU
		{C430B6F2-69A7-4E99-828E-2ABC3DE9A9AA}.Debug|Any CPU.Build.0 = Debug|Any CPU
		{C430B6F2-69A7-4E99-828E-2ABC3DE9A9AA}.Debug|x64.ActiveCfg = Debug|Any CPU
		{C430B6F2-69A7-4E99-828E-2ABC3DE9A9AA}.Debug|x64.Build.0 = Debug|Any CPU
		{C430B6F2-69A7-4E99-828E-2ABC3DE9A9AA}.Debug|x86.ActiveCfg = Debug|Any CPU
		{C430B6F2-69A7-4E99-828E-2ABC3DE9A9AA}.Debug|x86.Build.0 = Debug|Any CPU
		{C430B6F2-69A7-4E99-828E-2ABC3DE9A9AA}.Release|Any CPU.ActiveCfg = Release|Any CPU
		{C430B6F2-69A7-4E99-828E-2ABC3DE9A9AA}.Release|Any CPU.Build.0 = Release|Any CPU
		{C430B6F2-69A7-4E99-828E-2ABC3DE9A9AA}.Release|x64.ActiveCfg = Release|Any CPU
		{C430B6F2-69A7-4E99-828E-2ABC3DE9A9AA}.Release|x64.Build.0 = Release|Any CPU
		{C430B6F2-69A7-4E99-828E-2ABC3DE9A9AA}.Release|x86.ActiveCfg = Release|Any CPU
		{C430B6F2-69A7-4E99-828E-2ABC3DE9A9AA}.Release|x86.Build.0 = Release|Any CPU
		{C5EE1C6B-AE2B-4C40-94C2-9278AE94AB6A}.Debug|Any CPU.ActiveCfg = Debug|Any CPU
		{C5EE1C6B-AE2B-4C40-94C2-9278AE94AB6A}.Debug|Any CPU.Build.0 = Debug|Any CPU
		{C5EE1C6B-AE2B-4C40-94C2-9278AE94AB6A}.Debug|x64.ActiveCfg = Debug|Any CPU
		{C5EE1C6B-AE2B-4C40-94C2-9278AE94AB6A}.Debug|x64.Build.0 = Debug|Any CPU
		{C5EE1C6B-AE2B-4C40-94C2-9278AE94AB6A}.Debug|x86.ActiveCfg = Debug|Any CPU
		{C5EE1C6B-AE2B-4C40-94C2-9278AE94AB6A}.Debug|x86.Build.0 = Debug|Any CPU
		{C5EE1C6B-AE2B-4C40-94C2-9278AE94AB6A}.Release|Any CPU.ActiveCfg = Release|Any CPU
		{C5EE1C6B-AE2B-4C40-94C2-9278AE94AB6A}.Release|Any CPU.Build.0 = Release|Any CPU
		{C5EE1C6B-AE2B-4C40-94C2-9278AE94AB6A}.Release|x64.ActiveCfg = Release|Any CPU
		{C5EE1C6B-AE2B-4C40-94C2-9278AE94AB6A}.Release|x64.Build.0 = Release|Any CPU
		{C5EE1C6B-AE2B-4C40-94C2-9278AE94AB6A}.Release|x86.ActiveCfg = Release|Any CPU
		{C5EE1C6B-AE2B-4C40-94C2-9278AE94AB6A}.Release|x86.Build.0 = Release|Any CPU
	EndGlobalSection
EndGlobal
